// !$*UTF8*$!
{
	archiveVersion = 1;
	classes = {
	};
	objectVersion = 46;
	objects = {

/* Begin PBXBuildFile section */
		1DA9B56F1B42B90D0006E855 /* main.m in Sources */ = {isa = PBXBuildFile; fileRef = 1DA9B56E1B42B90D0006E855 /* main.m */; };
		1DA9B5721B42B90D0006E855 /* AppDelegate.m in Sources */ = {isa = PBXBuildFile; fileRef = 1DA9B5711B42B90D0006E855 /* AppDelegate.m */; };
		1DA9B5751B42B90D0006E855 /* ViewController.m in Sources */ = {isa = PBXBuildFile; fileRef = 1DA9B5741B42B90D0006E855 /* ViewController.m */; };
		1DA9B5781B42B90D0006E855 /* Main.storyboard in Resources */ = {isa = PBXBuildFile; fileRef = 1DA9B5761B42B90D0006E855 /* Main.storyboard */; };
		1DA9B57A1B42B90D0006E855 /* Images.xcassets in Resources */ = {isa = PBXBuildFile; fileRef = 1DA9B5791B42B90D0006E855 /* Images.xcassets */; };
		1DA9B57D1B42B90D0006E855 /* LaunchScreen.xib in Resources */ = {isa = PBXBuildFile; fileRef = 1DA9B57B1B42B90D0006E855 /* LaunchScreen.xib */; };
		1DA9B5891B42B90D0006E855 /* SXRelativeCalculatorTests.m in Sources */ = {isa = PBXBuildFile; fileRef = 1DA9B5881B42B90D0006E855 /* SXRelativeCalculatorTests.m */; };
/* End PBXBuildFile section */

/* Begin PBXContainerItemProxy section */
		1DA9B5831B42B90D0006E855 /* PBXContainerItemProxy */ = {
			isa = PBXContainerItemProxy;
			containerPortal = 1DA9B5611B42B90D0006E855 /* Project object */;
			proxyType = 1;
			remoteGlobalIDString = 1DA9B5681B42B90D0006E855;
			remoteInfo = SXRelativeCalculator;
		};
/* End PBXContainerItemProxy section */

/* Begin PBXFileReference section */
		1DA9B5691B42B90D0006E855 /* SXRelativeCalculator.app */ = {isa = PBXFileReference; explicitFileType = wrapper.application; includeInIndex = 0; path = SXRelativeCalculator.app; sourceTree = BUILT_PRODUCTS_DIR; };
		1DA9B56D1B42B90D0006E855 /* Info.plist */ = {isa = PBXFileReference; lastKnownFileType = text.plist.xml; path = Info.plist; sourceTree = "<group>"; };
		1DA9B56E1B42B90D0006E855 /* main.m */ = {isa = PBXFileReference; lastKnownFileType = sourcecode.c.objc; path = main.m; sourceTree = "<group>"; };
		1DA9B5701B42B90D0006E855 /* AppDelegate.h */ = {isa = PBXFileReference; lastKnownFileType = sourcecode.c.h; path = AppDelegate.h; sourceTree = "<group>"; };
		1DA9B5711B42B90D0006E855 /* AppDelegate.m */ = {isa = PBXFileReference; lastKnownFileType = sourcecode.c.objc; path = AppDelegate.m; sourceTree = "<group>"; };
		1DA9B5731B42B90D0006E855 /* ViewController.h */ = {isa = PBXFileReference; lastKnownFileType = sourcecode.c.h; path = ViewController.h; sourceTree = "<group>"; };
		1DA9B5741B42B90D0006E855 /* ViewController.m */ = {isa = PBXFileReference; lastKnownFileType = sourcecode.c.objc; path = ViewController.m; sourceTree = "<group>"; };
		1DA9B5771B42B90D0006E855 /* Base */ = {isa = PBXFileReference; lastKnownFileType = file.storyboard; name = Base; path = Base.lproj/Main.storyboard; sourceTree = "<group>"; };
		1DA9B5791B42B90D0006E855 /* Images.xcassets */ = {isa = PBXFileReference; lastKnownFileType = folder.assetcatalog; path = Images.xcassets; sourceTree = "<group>"; };
		1DA9B57C1B42B90D0006E855 /* Base */ = {isa = PBXFileReference; lastKnownFileType = file.xib; name = Base; path = Base.lproj/LaunchScreen.xib; sourceTree = "<group>"; };
		1DA9B5821B42B90D0006E855 /* SXRelativeCalculatorTests.xctest */ = {isa = PBXFileReference; explicitFileType = wrapper.cfbundle; includeInIndex = 0; path = SXRelativeCalculatorTests.xctest; sourceTree = BUILT_PRODUCTS_DIR; };
		1DA9B5871B42B90D0006E855 /* Info.plist */ = {isa = PBXFileReference; lastKnownFileType = text.plist.xml; path = Info.plist; sourceTree = "<group>"; };
		1DA9B5881B42B90D0006E855 /* SXRelativeCalculatorTests.m */ = {isa = PBXFileReference; lastKnownFileType = sourcecode.c.objc; path = SXRelativeCalculatorTests.m; sourceTree = "<group>"; };
/* End PBXFileReference section */

/* Begin PBXFrameworksBuildPhase section */
		1DA9B5661B42B90D0006E855 /* Frameworks */ = {
			isa = PBXFrameworksBuildPhase;
			buildActionMask = 2147483647;
			files = (
			);
			runOnlyForDeploymentPostprocessing = 0;
		};
		1DA9B57F1B42B90D0006E855 /* Frameworks */ = {
			isa = PBXFrameworksBuildPhase;
			buildActionMask = 2147483647;
			files = (
			);
			runOnlyForDeploymentPostprocessing = 0;
		};
/* End PBXFrameworksBuildPhase section */

/* Begin PBXGroup section */
		1DA9B5601B42B90D0006E855 = {
			isa = PBXGroup;
			children = (
				1DA9B56B1B42B90D0006E855 /* SXRelativeCalculator */,
				1DA9B5851B42B90D0006E855 /* SXRelativeCalculatorTests */,
				1DA9B56A1B42B90D0006E855 /* Products */,
			);
			sourceTree = "<group>";
		};
		1DA9B56A1B42B90D0006E855 /* Products */ = {
			isa = PBXGroup;
			children = (
				1DA9B5691B42B90D0006E855 /* SXRelativeCalculator.app */,
				1DA9B5821B42B90D0006E855 /* SXRelativeCalculatorTests.xctest */,
			);
			name = Products;
			sourceTree = "<group>";
		};
		1DA9B56B1B42B90D0006E855 /* SXRelativeCalculator */ = {
			isa = PBXGroup;
			children = (
				1DA9B5701B42B90D0006E855 /* AppDelegate.h */,
				1DA9B5711B42B90D0006E855 /* AppDelegate.m */,
				1DA9B5731B42B90D0006E855 /* ViewController.h */,
				1DA9B5741B42B90D0006E855 /* ViewController.m */,
				1DA9B5761B42B90D0006E855 /* Main.storyboard */,
				1DA9B5791B42B90D0006E855 /* Images.xcassets */,
				1DA9B57B1B42B90D0006E855 /* LaunchScreen.xib */,
				1DA9B56C1B42B90D0006E855 /* Supporting Files */,
			);
			path = SXRelativeCalculator;
			sourceTree = "<group>";
		};
		1DA9B56C1B42B90D0006E855 /* Supporting Files */ = {
			isa = PBXGroup;
			children = (
				1DA9B56D1B42B90D0006E855 /* Info.plist */,
				1DA9B56E1B42B90D0006E855 /* main.m */,
			);
			name = "Supporting Files";
			sourceTree = "<group>";
		};
		1DA9B5851B42B90D0006E855 /* SXRelativeCalculatorTests */ = {
			isa = PBXGroup;
			children = (
				1DA9B5881B42B90D0006E855 /* SXRelativeCalculatorTests.m */,
				1DA9B5861B42B90D0006E855 /* Supporting Files */,
			);
			path = SXRelativeCalculatorTests;
			sourceTree = "<group>";
		};
		1DA9B5861B42B90D0006E855 /* Supporting Files */ = {
			isa = PBXGroup;
			children = (
				1DA9B5871B42B90D0006E855 /* Info.plist */,
			);
			name = "Supporting Files";
			sourceTree = "<group>";
		};
/* End PBXGroup section */

/* Begin PBXNativeTarget section */
		1DA9B5681B42B90D0006E855 /* SXRelativeCalculator */ = {
			isa = PBXNativeTarget;
			buildConfigurationList = 1DA9B58C1B42B90D0006E855 /* Build configuration list for PBXNativeTarget "SXRelativeCalculator" */;
			buildPhases = (
				1DA9B5651B42B90D0006E855 /* Sources */,
				1DA9B5661B42B90D0006E855 /* Frameworks */,
				1DA9B5671B42B90D0006E855 /* Resources */,
			);
			buildRules = (
			);
			dependencies = (
			);
			name = SXRelativeCalculator;
			productName = SXRelativeCalculator;
			productReference = 1DA9B5691B42B90D0006E855 /* SXRelativeCalculator.app */;
			productType = "com.apple.product-type.application";
		};
		1DA9B5811B42B90D0006E855 /* SXRelativeCalculatorTests */ = {
			isa = PBXNativeTarget;
			buildConfigurationList = 1DA9B58F1B42B90D0006E855 /* Build configuration list for PBXNativeTarget "SXRelativeCalculatorTests" */;
			buildPhases = (
				1DA9B57E1B42B90D0006E855 /* Sources */,
				1DA9B57F1B42B90D0006E855 /* Frameworks */,
				1DA9B5801B42B90D0006E855 /* Resources */,
			);
			buildRules = (
			);
			dependencies = (
				1DA9B5841B42B90D0006E855 /* PBXTargetDependency */,
			);
			name = SXRelativeCalculatorTests;
			productName = SXRelativeCalculatorTests;
			productReference = 1DA9B5821B42B90D0006E855 /* SXRelativeCalculatorTests.xctest */;
			productType = "com.apple.product-type.bundle.unit-test";
		};
/* End PBXNativeTarget section */

/* Begin PBXProject section */
		1DA9B5611B42B90D0006E855 /* Project object */ = {
			isa = PBXProject;
			attributes = {
				LastUpgradeCheck = 0630;
				ORGANIZATIONNAME = Sankuai;
				TargetAttributes = {
					1DA9B5681B42B90D0006E855 = {
						CreatedOnToolsVersion = 6.3;
					};
					1DA9B5811B42B90D0006E855 = {
						CreatedOnToolsVersion = 6.3;
						TestTargetID = 1DA9B5681B42B90D0006E855;
					};
				};
			};
			buildConfigurationList = 1DA9B5641B42B90D0006E855 /* Build configuration list for PBXProject "SXRelativeCalculator" */;
			compatibilityVersion = "Xcode 3.2";
			developmentRegion = English;
			hasScannedForEncodings = 0;
			knownRegions = (
				en,
				Base,
			);
			mainGroup = 1DA9B5601B42B90D0006E855;
			productRefGroup = 1DA9B56A1B42B90D0006E855 /* Products */;
			projectDirPath = "";
			projectRoot = "";
			targets = (
				1DA9B5681B42B90D0006E855 /* SXRelativeCalculator */,
				1DA9B5811B42B90D0006E855 /* SXRelativeCalculatorTests */,
			);
		};
/* End PBXProject section */

/* Begin PBXResourcesBuildPhase section */
		1DA9B5671B42B90D0006E855 /* Resources */ = {
			isa = PBXResourcesBuildPhase;
			buildActionMask = 2147483647;
			files = (
				1DA9B5781B42B90D0006E855 /* Main.storyboard in Resources */,
				1DA9B57D1B42B90D0006E855 /* LaunchScreen.xib in Resources */,
				1DA9B57A1B42B90D0006E855 /* Images.xcassets in Resources */,
			);
			runOnlyForDeploymentPostprocessing = 0;
		};
		1DA9B5801B42B90D0006E855 /* Resources */ = {
			isa = PBXResourcesBuildPhase;
			buildActionMask = 2147483647;
			files = (
			);
			runOnlyForDeploymentPostprocessing = 0;
		};
/* End PBXResourcesBuildPhase section */

/* Begin PBXSourcesBuildPhase section */
		1DA9B5651B42B90D0006E855 /* Sources */ = {
			isa = PBXSourcesBuildPhase;
			buildActionMask = 2147483647;
			files = (
				1DA9B5751B42B90D0006E855 /* ViewController.m in Sources */,
				1DA9B5721B42B90D0006E855 /* AppDelegate.m in Sources */,
				1DA9B56F1B42B90D0006E855 /* main.m in Sources */,
			);
			runOnlyForDeploymentPostprocessing = 0;
		};
		1DA9B57E1B42B90D0006E855 /* Sources */ = {
			isa = PBXSourcesBuildPhase;
			buildActionMask = 2147483647;
			files = (
				1DA9B5891B42B90D0006E855 /* SXRelativeCalculatorTests.m in Sources */,
			);
			runOnlyForDeploymentPostprocessing = 0;
		};
/* End PBXSourcesBuildPhase section */

/* Begin PBXTargetDependency section */
		1DA9B5841B42B90D0006E855 /* PBXTargetDependency */ = {
			isa = PBXTargetDependency;
			target = 1DA9B5681B42B90D0006E855 /* SXRelativeCalculator */;
			targetProxy = 1DA9B5831B42B90D0006E855 /* PBXContainerItemProxy */;
		};
/* End PBXTargetDependency section */

/* Begin PBXVariantGroup section */
		1DA9B5761B42B90D0006E855 /* Main.storyboard */ = {
			isa = PBXVariantGroup;
			children = (
				1DA9B5771B42B90D0006E855 /* Base */,
			);
			name = Main.storyboard;
			sourceTree = "<group>";
		};
		1DA9B57B1B42B90D0006E855 /* LaunchScreen.xib */ = {
			isa = PBXVariantGroup;
			children = (
				1DA9B57C1B42B90D0006E855 /* Base */,
			);
			name = LaunchScreen.xib;
			sourceTree = "<group>";
		};
/* End PBXVariantGroup section */

/* Begin XCBuildConfiguration section */
		1DA9B58A1B42B90D0006E855 /* Debug */ = {
			isa = XCBuildConfiguration;
			buildSettings = {
				ALWAYS_SEARCH_USER_PATHS = NO;
				CLANG_CXX_LANGUAGE_STANDARD = "gnu++0x";
				CLANG_CXX_LIBRARY = "libc++";
				CLANG_ENABLE_MODULES = YES;
				CLANG_ENABLE_OBJC_ARC = YES;
				CLANG_WARN_BOOL_CONVERSION = YES;
				CLANG_WARN_CONSTANT_CONVERSION = YES;
				CLANG_WARN_DIRECT_OBJC_ISA_USAGE = YES_ERROR;
				CLANG_WARN_EMPTY_BODY = YES;
				CLANG_WARN_ENUM_CONVERSION = YES;
				CLANG_WARN_INT_CONVERSION = YES;
				CLANG_WARN_OBJC_ROOT_CLASS = YES_ERROR;
				CLANG_WARN_UNREACHABLE_CODE = YES;
				CLANG_WARN__DUPLICATE_METHOD_MATCH = YES;
				"CODE_SIGN_IDENTITY[sdk=iphoneos*]" = "iPhone Developer";
				COPY_PHASE_STRIP = NO;
				DEBUG_INFORMATION_FORMAT = "dwarf-with-dsym";
				ENABLE_STRICT_OBJC_MSGSEND = YES;
				GCC_C_LANGUAGE_STANDARD = gnu99;
				GCC_DYNAMIC_NO_PIC = NO;
				GCC_NO_COMMON_BLOCKS = YES;
				GCC_OPTIMIZATION_LEVEL = 0;
				GCC_PREPROCESSOR_DEFINITIONS = (
					"DEBUG=1",
					"$(inherited)",
				);
				GCC_SYMBOLS_PRIVATE_EXTERN = NO;
				GCC_WARN_64_TO_32_BIT_CONVERSION = YES;
				GCC_WARN_ABOUT_RETURN_TYPE = YES_ERROR;
				GCC_WARN_UNDECLARED_SELECTOR = YES;
				GCC_WARN_UNINITIALIZED_AUTOS = YES_AGGRESSIVE;
				GCC_WARN_UNUSED_FUNCTION = YES;
				GCC_WARN_UNUSED_VARIABLE = YES;
				IPHONEOS_DEPLOYMENT_TARGET = 8.3;
				MTL_ENABLE_DEBUG_INFO = YES;
				ONLY_ACTIVE_ARCH = YES;
				SDKROOT = iphoneos;
				TARGETED_DEVICE_FAMILY = "1,2";
			};
			name = Debug;
		};
		1DA9B58B1B42B90D0006E855 /* Release */ = {
			isa = XCBuildConfiguration;
			buildSettings = {
				ALWAYS_SEARCH_USER_PATHS = NO;
				CLANG_CXX_LANGUAGE_STANDARD = "gnu++0x";
				CLANG_CXX_LIBRARY = "libc++";
				CLANG_ENABLE_MODULES = YES;
				CLANG_ENABLE_OBJC_ARC = YES;
				CLANG_WARN_BOOL_CONVERSION = YES;
				CLANG_WARN_CONSTANT_CONVERSION = YES;
				CLANG_WARN_DIRECT_OBJC_ISA_USAGE = YES_ERROR;
				CLANG_WARN_EMPTY_BODY = YES;
				CLANG_WARN_ENUM_CONVERSION = YES;
				CLANG_WARN_INT_CONVERSION = YES;
				CLANG_WARN_OBJC_ROOT_CLASS = YES_ERROR;
				CLANG_WARN_UNREACHABLE_CODE = YES;
				CLANG_WARN__DUPLICATE_METHOD_MATCH = YES;
				"CODE_SIGN_IDENTITY[sdk=iphoneos*]" = "iPhone Developer";
				COPY_PHASE_STRIP = NO;
				DEBUG_INFORMATION_FORMAT = "dwarf-with-dsym";
				ENABLE_NS_ASSERTIONS = NO;
				ENABLE_STRICT_OBJC_MSGSEND = YES;
				GCC_C_LANGUAGE_STANDARD = gnu99;
				GCC_NO_COMMON_BLOCKS = YES;
				GCC_WARN_64_TO_32_BIT_CONVERSION = YES;
				GCC_WARN_ABOUT_RETURN_TYPE = YES_ERROR;
				GCC_WARN_UNDECLARED_SELECTOR = YES;
				GCC_WARN_UNINITIALIZED_AUTOS = YES_AGGRESSIVE;
				GCC_WARN_UNUSED_FUNCTION = YES;
				GCC_WARN_UNUSED_VARIABLE = YES;
				IPHONEOS_DEPLOYMENT_TARGET = 8.3;
				MTL_ENABLE_DEBUG_INFO = NO;
				SDKROOT = iphoneos;
				TARGETED_DEVICE_FAMILY = "1,2";
				VALIDATE_PRODUCT = YES;
			};
			name = Release;
		};
		1DA9B58D1B42B90D0006E855 /* Debug */ = {
			isa = XCBuildConfiguration;
			buildSettings = {
				ASSETCATALOG_COMPILER_APPICON_NAME = AppIcon;
				INFOPLIST_FILE = SXRelativeCalculator/Info.plist;
				LD_RUNPATH_SEARCH_PATHS = "$(inherited) @executable_path/Frameworks";
				PRODUCT_NAME = "$(TARGET_NAME)";
			};
			name = Debug;
		};
		1DA9B58E1B42B90D0006E855 /* Release */ = {
			isa = XCBuildConfiguration;
			buildSettings = {
				ASSETCATALOG_COMPILER_APPICON_NAME = AppIcon;
				INFOPLIST_FILE = SXRelativeCalculator/Info.plist;
				LD_RUNPATH_SEARCH_PATHS = "$(inherited) @executable_path/Frameworks";
				PRODUCT_NAME = "$(TARGET_NAME)";
			};
			name = Release;
		};
		1DA9B5901B42B90D0006E855 /* Debug */ = {
			isa = XCBuildConfiguration;
			buildSettings = {
				BUNDLE_LOADER = "$(TEST_HOST)";
				FRAMEWORK_SEARCH_PATHS = (
					"$(SDKROOT)/Developer/Library/Frameworks",
					"$(inherited)",
				);
				GCC_PREPROCESSOR_DEFINITIONS = (
					"DEBUG=1",
					"$(inherited)",
				);
				INFOPLIST_FILE = SXRelativeCalculatorTests/Info.plist;
				LD_RUNPATH_SEARCH_PATHS = "$(inherited) @executable_path/Frameworks @loader_path/Frameworks";
				PRODUCT_NAME = "$(TARGET_NAME)";
				TEST_HOST = "$(BUILT_PRODUCTS_DIR)/SXRelativeCalculator.app/SXRelativeCalculator";
			};
			name = Debug;
		};
		1DA9B5911B42B90D0006E855 /* Release */ = {
			isa = XCBuildConfiguration;
			buildSettings = {
				BUNDLE_LOADER = "$(TEST_HOST)";
				FRAMEWORK_SEARCH_PATHS = (
					"$(SDKROOT)/Developer/Library/Frameworks",
					"$(inherited)",
				);
				INFOPLIST_FILE = SXRelativeCalculatorTests/Info.plist;
				LD_RUNPATH_SEARCH_PATHS = "$(inherited) @executable_path/Frameworks @loader_path/Frameworks";
				PRODUCT_NAME = "$(TARGET_NAME)";
				TEST_HOST = "$(BUILT_PRODUCTS_DIR)/SXRelativeCalculator.app/SXRelativeCalculator";
			};
			name = Release;
		};
/* End XCBuildConfiguration section */

/* Begin XCConfigurationList section */
		1DA9B5641B42B90D0006E855 /* Build configuration list for PBXProject "SXRelativeCalculator" */ = {
			isa = XCConfigurationList;
			buildConfigurations = (
				1DA9B58A1B42B90D0006E855 /* Debug */,
				1DA9B58B1B42B90D0006E855 /* Release */,
			);
			defaultConfigurationIsVisible = 0;
			defaultConfigurationName = Release;
		};
		1DA9B58C1B42B90D0006E855 /* Build configuration list for PBXNativeTarget "SXRelativeCalculator" */ = {
			isa = XCConfigurationList;
			buildConfigurations = (
				1DA9B58D1B42B90D0006E855 /* Debug */,
				1DA9B58E1B42B90D0006E855 /* Release */,
			);
			defaultConfigurationIsVisible = 0;
		};
		1DA9B58F1B42B90D0006E855 /* Build configuration list for PBXNativeTarget "SXRelativeCalculatorTests" */ = {
			isa = XCConfigurationList;
			buildConfigurations = (
				1DA9B5901B42B90D0006E855 /* Debug */,
				1DA9B5911B42B90D0006E855 /* Release */,
			);
			defaultConfigurationIsVisible = 0;
		};
/* End XCConfigurationList section */
	};
	rootObject = 1DA9B5611B42B90D0006E855 /* Project object */;
}
